
Microsoft Visual Studio Solution File, Format Version 12.00
# Visual Studio Version 17
VisualStudioVersion = 17.14.36310.24
MinimumVisualStudioVersion = 10.0.40219.1
Project("{2150E333-8FDC-42A3-9474-1A3956D46DE8}") = "Src", "Src", "{02EA681E-C7D8-13C7-8484-4AC65E1B71E8}"
EndProject
Project("{2150E333-8FDC-42A3-9474-1A3956D46DE8}") = "Services", "Services", "{4B65BA7A-F07E-4729-9D83-0A17BE6D3A92}"
EndProject
Project("{2150E333-8FDC-42A3-9474-1A3956D46DE8}") = "Users", "Users", "{D3C7DB11-C3E1-4858-98A5-0F592FAECD78}"
EndProject
Project("{2150E333-8FDC-42A3-9474-1A3956D46DE8}") = "Solution Items", "Solution Items", "{2D9AD6CA-2F2F-4CD4-8CCE-1D6B94874012}"
	ProjectSection(SolutionItems) = preProject
		.editorconfig = .editorconfig
	EndProjectSection
EndProject
Project("{E53339B2-1760-4266-BCC7-CA923CBCF16C}") = "docker-compose", "docker-compose.dcproj", "{81DDED9D-158B-E303-5F62-77A2896D2A5A}"
EndProject
Project("{FAE04EC0-301F-11D3-BF4B-00C04F79EFBC}") = "Users.Api", "Src\Services\Users\Users.Api\Users.Api.csproj", "{F1C26159-4A7E-65C5-6DD1-32D0E125D86D}"
EndProject
Project("{FAE04EC0-301F-11D3-BF4B-00C04F79EFBC}") = "Users.Application", "Src\Services\Users\Users.Application\Users.Application.csproj", "{F90F79F4-5AB8-DAE9-C67D-1156AC3204D5}"
EndProject
Project("{FAE04EC0-301F-11D3-BF4B-00C04F79EFBC}") = "Users.Domain", "Src\Services\Users\Users.Domain\Users.Domain.csproj", "{794926C9-E077-F945-A25C-DECFBECA5AC0}"
EndProject
Project("{FAE04EC0-301F-11D3-BF4B-00C04F79EFBC}") = "Users.Infrastructure", "Src\Services\Users\Users.Infrastructure\Users.Infrastructure.csproj", "{2AA5D91C-6375-0BD8-129B-D2AEBE2FFC08}"
EndProject
Project("{FAE04EC0-301F-11D3-BF4B-00C04F79EFBC}") = "Users.Persistence", "Src\Services\Users\Users.Persistence\Users.Persistence.csproj", "{F677C248-A531-14C4-E8C8-9B6DF9BF5D2B}"
EndProject
Project("{2150E333-8FDC-42A3-9474-1A3956D46DE8}") = "Restaurants", "Restaurants", "{8FC9F33C-3075-4796-8494-4A7A72E6B864}"
EndProject
Project("{FAE04EC0-301F-11D3-BF4B-00C04F79EFBC}") = "Restaurants.Api", "Src\Services\Restaurants\Restaurants.Api\Restaurants.Api.csproj", "{06E79A67-8360-4E23-98B1-C19F9AE03EB7}"
EndProject
Global
	GlobalSection(SolutionConfigurationPlatforms) = preSolution
		Debug|Any CPU = Debug|Any CPU
		Release|Any CPU = Release|Any CPU
	EndGlobalSection
	GlobalSection(ProjectConfigurationPlatforms) = postSolution
		{81DDED9D-158B-E303-5F62-77A2896D2A5A}.Debug|Any CPU.ActiveCfg = Debug|Any CPU
		{81DDED9D-158B-E303-5F62-77A2896D2A5A}.Debug|Any CPU.Build.0 = Debug|Any CPU
		{81DDED9D-158B-E303-5F62-77A2896D2A5A}.Release|Any CPU.ActiveCfg = Release|Any CPU
		{81DDED9D-158B-E303-5F62-77A2896D2A5A}.Release|Any CPU.Build.0 = Release|Any CPU
		{F1C26159-4A7E-65C5-6DD1-32D0E125D86D}.Debug|Any CPU.ActiveCfg = Debug|Any CPU
		{F1C26159-4A7E-65C5-6DD1-32D0E125D86D}.Debug|Any CPU.Build.0 = Debug|Any CPU
		{F1C26159-4A7E-65C5-6DD1-32D0E125D86D}.Release|Any CPU.ActiveCfg = Release|Any CPU
		{F1C26159-4A7E-65C5-6DD1-32D0E125D86D}.Release|Any CPU.Build.0 = Release|Any CPU
		{F90F79F4-5AB8-DAE9-C67D-1156AC3204D5}.Debug|Any CPU.ActiveCfg = Debug|Any CPU
		{F90F79F4-5AB8-DAE9-C67D-1156AC3204D5}.Debug|Any CPU.Build.0 = Debug|Any CPU
		{F90F79F4-5AB8-DAE9-C67D-1156AC3204D5}.Release|Any CPU.ActiveCfg = Release|Any CPU
		{F90F79F4-5AB8-DAE9-C67D-1156AC3204D5}.Release|Any CPU.Build.0 = Release|Any CPU
		{794926C9-E077-F945-A25C-DECFBECA5AC0}.Debug|Any CPU.ActiveCfg = Debug|Any CPU
		{794926C9-E077-F945-A25C-DECFBECA5AC0}.Debug|Any CPU.Build.0 = Debug|Any CPU
		{794926C9-E077-F945-A25C-DECFBECA5AC0}.Release|Any CPU.ActiveCfg = Release|Any CPU
		{794926C9-E077-F945-A25C-DECFBECA5AC0}.Release|Any CPU.Build.0 = Release|Any CPU
		{2AA5D91C-6375-0BD8-129B-D2AEBE2FFC08}.Debug|Any CPU.ActiveCfg = Debug|Any CPU
		{2AA5D91C-6375-0BD8-129B-D2AEBE2FFC08}.Debug|Any CPU.Build.0 = Debug|Any CPU
		{2AA5D91C-6375-0BD8-129B-D2AEBE2FFC08}.Release|Any CPU.ActiveCfg = Release|Any CPU
		{2AA5D91C-6375-0BD8-129B-D2AEBE2FFC08}.Release|Any CPU.Build.0 = Release|Any CPU
		{F677C248-A531-14C4-E8C8-9B6DF9BF5D2B}.Debug|Any CPU.ActiveCfg = Debug|Any CPU
		{F677C248-A531-14C4-E8C8-9B6DF9BF5D2B}.Debug|Any CPU.Build.0 = Debug|Any CPU
		{F677C248-A531-14C4-E8C8-9B6DF9BF5D2B}.Release|Any CPU.ActiveCfg = Release|Any CPU
		{F677C248-A531-14C4-E8C8-9B6DF9BF5D2B}.Release|Any CPU.Build.0 = Release|Any CPU
		{06E79A67-8360-4E23-98B1-C19F9AE03EB7}.Debug|Any CPU.ActiveCfg = Debug|Any CPU
		{06E79A67-8360-4E23-98B1-C19F9AE03EB7}.Debug|Any CPU.Build.0 = Debug|Any CPU
		{06E79A67-8360-4E23-98B1-C19F9AE03EB7}.Release|Any CPU.ActiveCfg = Release|Any CPU
		{06E79A67-8360-4E23-98B1-C19F9AE03EB7}.Release|Any CPU.Build.0 = Release|Any CPU
	EndGlobalSection
	GlobalSection(SolutionProperties) = preSolution
		HideSolutionNode = FALSE
	EndGlobalSection
	GlobalSection(NestedProjects) = preSolution
		{4B65BA7A-F07E-4729-9D83-0A17BE6D3A92} = {02EA681E-C7D8-13C7-8484-4AC65E1B71E8}
		{D3C7DB11-C3E1-4858-98A5-0F592FAECD78} = {4B65BA7A-F07E-4729-9D83-0A17BE6D3A92}
		{F1C26159-4A7E-65C5-6DD1-32D0E125D86D} = {D3C7DB11-C3E1-4858-98A5-0F592FAECD78}
		{F90F79F4-5AB8-DAE9-C67D-1156AC3204D5} = {D3C7DB11-C3E1-4858-98A5-0F592FAECD78}
		{794926C9-E077-F945-A25C-DECFBECA5AC0} = {D3C7DB11-C3E1-4858-98A5-0F592FAECD78}
		{2AA5D91C-6375-0BD8-129B-D2AEBE2FFC08} = {D3C7DB11-C3E1-4858-98A5-0F592FAECD78}
		{F677C248-A531-14C4-E8C8-9B6DF9BF5D2B} = {D3C7DB11-C3E1-4858-98A5-0F592FAECD78}
		{8FC9F33C-3075-4796-8494-4A7A72E6B864} = {4B65BA7A-F07E-4729-9D83-0A17BE6D3A92}
		{06E79A67-8360-4E23-98B1-C19F9AE03EB7} = {8FC9F33C-3075-4796-8494-4A7A72E6B864}
	EndGlobalSection
	GlobalSection(ExtensibilityGlobals) = postSolution
		SolutionGuid = {EF7D7B8A-468B-49E0-BB38-51C7BAF0A9A5}
	EndGlobalSection
EndGlobal
