
Microsoft Visual Studio Solution File, Format Version 12.00
# Visual Studio Version 17
VisualStudioVersion = 17.14.36310.24
MinimumVisualStudioVersion = 10.0.40219.1
Project("{2150E333-8FDC-42A3-9474-1A3956D46DE8}") = "Src", "Src", "{02EA681E-C7D8-13C7-8484-4AC65E1B71E8}"
EndProject
Project("{2150E333-8FDC-42A3-9474-1A3956D46DE8}") = "Services", "Services", "{4B65BA7A-F07E-4729-9D83-0A17BE6D3A92}"
EndProject
Project("{2150E333-8FDC-42A3-9474-1A3956D46DE8}") = "User", "User", "{D3C7DB11-C3E1-4858-98A5-0F592FAECD78}"
EndProject
Project("{FAE04EC0-301F-11D3-BF4B-00C04F79EFBC}") = "User.Domain", "Src\Services\User\User.Domain\User.Domain.csproj", "{9C1DA7B7-2AE6-45B8-93D6-40D5FBDE67DF}"
EndProject
Project("{FAE04EC0-301F-11D3-BF4B-00C04F79EFBC}") = "User.Application", "Src\Services\User\User.Application\User.Application.csproj", "{9057ADC6-776F-4ECE-87BA-D2901619FF38}"
EndProject
Project("{FAE04EC0-301F-11D3-BF4B-00C04F79EFBC}") = "User.Persistence", "Src\Services\User\User.Persistence\User.Persistence.csproj", "{5F1259D7-5E68-4C82-8059-DA95C2BFCB7F}"
EndProject
Project("{FAE04EC0-301F-11D3-BF4B-00C04F79EFBC}") = "User.Infrastructure", "Src\Services\User\User.Infrastructure\User.Infrastructure.csproj", "{C2934699-0B80-47AF-8ED1-1D0F846894E8}"
EndProject
Project("{FAE04EC0-301F-11D3-BF4B-00C04F79EFBC}") = "User.Api", "Src\Services\User\User.Api\User.Api.csproj", "{84AE35A5-2E63-4CC6-9B16-6CE5FC953CE4}"
EndProject
Global
	GlobalSection(SolutionConfigurationPlatforms) = preSolution
		Debug|Any CPU = Debug|Any CPU
		Release|Any CPU = Release|Any CPU
	EndGlobalSection
	GlobalSection(ProjectConfigurationPlatforms) = postSolution
		{9C1DA7B7-2AE6-45B8-93D6-40D5FBDE67DF}.Debug|Any CPU.ActiveCfg = Debug|Any CPU
		{9C1DA7B7-2AE6-45B8-93D6-40D5FBDE67DF}.Debug|Any CPU.Build.0 = Debug|Any CPU
		{9C1DA7B7-2AE6-45B8-93D6-40D5FBDE67DF}.Release|Any CPU.ActiveCfg = Release|Any CPU
		{9C1DA7B7-2AE6-45B8-93D6-40D5FBDE67DF}.Release|Any CPU.Build.0 = Release|Any CPU
		{9057ADC6-776F-4ECE-87BA-D2901619FF38}.Debug|Any CPU.ActiveCfg = Debug|Any CPU
		{9057ADC6-776F-4ECE-87BA-D2901619FF38}.Debug|Any CPU.Build.0 = Debug|Any CPU
		{9057ADC6-776F-4ECE-87BA-D2901619FF38}.Release|Any CPU.ActiveCfg = Release|Any CPU
		{9057ADC6-776F-4ECE-87BA-D2901619FF38}.Release|Any CPU.Build.0 = Release|Any CPU
		{5F1259D7-5E68-4C82-8059-DA95C2BFCB7F}.Debug|Any CPU.ActiveCfg = Debug|Any CPU
		{5F1259D7-5E68-4C82-8059-DA95C2BFCB7F}.Debug|Any CPU.Build.0 = Debug|Any CPU
		{5F1259D7-5E68-4C82-8059-DA95C2BFCB7F}.Release|Any CPU.ActiveCfg = Release|Any CPU
		{5F1259D7-5E68-4C82-8059-DA95C2BFCB7F}.Release|Any CPU.Build.0 = Release|Any CPU
		{C2934699-0B80-47AF-8ED1-1D0F846894E8}.Debug|Any CPU.ActiveCfg = Debug|Any CPU
		{C2934699-0B80-47AF-8ED1-1D0F846894E8}.Debug|Any CPU.Build.0 = Debug|Any CPU
		{C2934699-0B80-47AF-8ED1-1D0F846894E8}.Release|Any CPU.ActiveCfg = Release|Any CPU
		{C2934699-0B80-47AF-8ED1-1D0F846894E8}.Release|Any CPU.Build.0 = Release|Any CPU
		{84AE35A5-2E63-4CC6-9B16-6CE5FC953CE4}.Debug|Any CPU.ActiveCfg = Debug|Any CPU
		{84AE35A5-2E63-4CC6-9B16-6CE5FC953CE4}.Debug|Any CPU.Build.0 = Debug|Any CPU
		{84AE35A5-2E63-4CC6-9B16-6CE5FC953CE4}.Release|Any CPU.ActiveCfg = Release|Any CPU
		{84AE35A5-2E63-4CC6-9B16-6CE5FC953CE4}.Release|Any CPU.Build.0 = Release|Any CPU
	EndGlobalSection
	GlobalSection(SolutionProperties) = preSolution
		HideSolutionNode = FALSE
	EndGlobalSection
	GlobalSection(NestedProjects) = preSolution
		{4B65BA7A-F07E-4729-9D83-0A17BE6D3A92} = {02EA681E-C7D8-13C7-8484-4AC65E1B71E8}
		{D3C7DB11-C3E1-4858-98A5-0F592FAECD78} = {4B65BA7A-F07E-4729-9D83-0A17BE6D3A92}
		{9C1DA7B7-2AE6-45B8-93D6-40D5FBDE67DF} = {D3C7DB11-C3E1-4858-98A5-0F592FAECD78}
		{9057ADC6-776F-4ECE-87BA-D2901619FF38} = {D3C7DB11-C3E1-4858-98A5-0F592FAECD78}
		{5F1259D7-5E68-4C82-8059-DA95C2BFCB7F} = {D3C7DB11-C3E1-4858-98A5-0F592FAECD78}
		{C2934699-0B80-47AF-8ED1-1D0F846894E8} = {D3C7DB11-C3E1-4858-98A5-0F592FAECD78}
		{84AE35A5-2E63-4CC6-9B16-6CE5FC953CE4} = {D3C7DB11-C3E1-4858-98A5-0F592FAECD78}
	EndGlobalSection
	GlobalSection(ExtensibilityGlobals) = postSolution
		SolutionGuid = {EF7D7B8A-468B-49E0-BB38-51C7BAF0A9A5}
	EndGlobalSection
EndGlobal
